
Microsoft Visual Studio Solution File, Format Version 12.00
# Visual Studio 15
Project("{FAE04EC0-301F-11D3-BF4B-00C04F79EFBC}") = "Assembly-CSharp", "Assembly-CSharp.csproj", "{E70C74D7-566E-B14F-FAD8-142B04A74206}"
EndProject
Project("{FAE04EC0-301F-11D3-BF4B-00C04F79EFBC}") = "Assembly-CSharp-Editor", "Assembly-CSharp-Editor.csproj", "{C1C59300-E505-34F2-A381-1C65BDCE7B5E}"
EndProject
Global
	GlobalSection(SolutionConfigurationPlatforms) = preSolution
		Debug|Any CPU = Debug|Any CPU
		Release|Any CPU = Release|Any CPU
	EndGlobalSection
	GlobalSection(ProjectConfigurationPlatforms) = postSolution
		{E70C74D7-566E-B14F-FAD8-142B04A74206}.Debug|Any CPU.ActiveCfg = Debug|Any CPU
		{E70C74D7-566E-B14F-FAD8-142B04A74206}.Debug|Any CPU.Build.0 = Debug|Any CPU
		{E70C74D7-566E-B14F-FAD8-142B04A74206}.Release|Any CPU.ActiveCfg = Release|Any CPU
		{E70C74D7-566E-B14F-FAD8-142B04A74206}.Release|Any CPU.Build.0 = Release|Any CPU
		{C1C59300-E505-34F2-A381-1C65BDCE7B5E}.Debug|Any CPU.ActiveCfg = Debug|Any CPU
		{C1C59300-E505-34F2-A381-1C65BDCE7B5E}.Debug|Any CPU.Build.0 = Debug|Any CPU
		{C1C59300-E505-34F2-A381-1C65BDCE7B5E}.Release|Any CPU.ActiveCfg = Release|Any CPU
		{C1C59300-E505-34F2-A381-1C65BDCE7B5E}.Release|Any CPU.Build.0 = Release|Any CPU
	EndGlobalSection
	GlobalSection(SolutionProperties) = preSolution
		HideSolutionNode = FALSE
	EndGlobalSection
EndGlobal
